
Microsoft Visual Studio Solution File, Format Version 12.00
# Visual Studio 15
Project("{FAE04EC0-301F-11D3-BF4B-00C04F79EFBC}") = "Assembly-CSharp", "Assembly-CSharp.csproj", "{A8E63C93-5A9E-9CF7-9870-7EDAAA49C46B}"
EndProject
Project("{FAE04EC0-301F-11D3-BF4B-00C04F79EFBC}") = "AstarPathfindingProjectEditor", "AstarPathfindingProjectEditor.csproj", "{24AE95A9-9889-9D97-C36C-AB68B39EA5F5}"
EndProject
Project("{FAE04EC0-301F-11D3-BF4B-00C04F79EFBC}") = "AstarPathfindingProject", "AstarPathfindingProject.csproj", "{3AD67D2E-B649-B7CC-7CCD-7273809A2466}"
EndProject
Project("{FAE04EC0-301F-11D3-BF4B-00C04F79EFBC}") = "PackageToolsEditor", "PackageToolsEditor.csproj", "{D9FA2FBD-7911-7A0E-3434-03C35D7BBACB}"
EndProject
Global
	GlobalSection(SolutionConfigurationPlatforms) = preSolution
		Debug|Any CPU = Debug|Any CPU
		Release|Any CPU = Release|Any CPU
	EndGlobalSection
	GlobalSection(ProjectConfigurationPlatforms) = postSolution
		{A8E63C93-5A9E-9CF7-9870-7EDAAA49C46B}.Debug|Any CPU.ActiveCfg = Debug|Any CPU
		{A8E63C93-5A9E-9CF7-9870-7EDAAA49C46B}.Debug|Any CPU.Build.0 = Debug|Any CPU
		{A8E63C93-5A9E-9CF7-9870-7EDAAA49C46B}.Release|Any CPU.ActiveCfg = Release|Any CPU
		{A8E63C93-5A9E-9CF7-9870-7EDAAA49C46B}.Release|Any CPU.Build.0 = Release|Any CPU
		{24AE95A9-9889-9D97-C36C-AB68B39EA5F5}.Debug|Any CPU.ActiveCfg = Debug|Any CPU
		{24AE95A9-9889-9D97-C36C-AB68B39EA5F5}.Debug|Any CPU.Build.0 = Debug|Any CPU
		{24AE95A9-9889-9D97-C36C-AB68B39EA5F5}.Release|Any CPU.ActiveCfg = Release|Any CPU
		{24AE95A9-9889-9D97-C36C-AB68B39EA5F5}.Release|Any CPU.Build.0 = Release|Any CPU
		{3AD67D2E-B649-B7CC-7CCD-7273809A2466}.Debug|Any CPU.ActiveCfg = Debug|Any CPU
		{3AD67D2E-B649-B7CC-7CCD-7273809A2466}.Debug|Any CPU.Build.0 = Debug|Any CPU
		{3AD67D2E-B649-B7CC-7CCD-7273809A2466}.Release|Any CPU.ActiveCfg = Release|Any CPU
		{3AD67D2E-B649-B7CC-7CCD-7273809A2466}.Release|Any CPU.Build.0 = Release|Any CPU
		{D9FA2FBD-7911-7A0E-3434-03C35D7BBACB}.Debug|Any CPU.ActiveCfg = Debug|Any CPU
		{D9FA2FBD-7911-7A0E-3434-03C35D7BBACB}.Debug|Any CPU.Build.0 = Debug|Any CPU
		{D9FA2FBD-7911-7A0E-3434-03C35D7BBACB}.Release|Any CPU.ActiveCfg = Release|Any CPU
		{D9FA2FBD-7911-7A0E-3434-03C35D7BBACB}.Release|Any CPU.Build.0 = Release|Any CPU
	EndGlobalSection
	GlobalSection(SolutionProperties) = preSolution
		HideSolutionNode = FALSE
	EndGlobalSection
EndGlobal
